// !$*UTF8*$!
{
	archiveVersion = 1;
	classes = {
	};
	objectVersion = 50;
	objects = {

/* Begin PBXBuildFile section */
		BE1E1440279605C700D66B5B /* UserInfoVC.swift in Sources */ = {isa = PBXBuildFile; fileRef = BE1E143F279605C700D66B5B /* UserInfoVC.swift */; };
		BE1E1449279B214B00D66B5B /* GFUserInfoVC.swift in Sources */ = {isa = PBXBuildFile; fileRef = BE1E1448279B214B00D66B5B /* GFUserInfoVC.swift */; };
		BE1E144C279B220A00D66B5B /* GFSecondaryTitleLabel.swift in Sources */ = {isa = PBXBuildFile; fileRef = BE1E144B279B220A00D66B5B /* GFSecondaryTitleLabel.swift */; };
		BE3C7886276E95DC0010D3CA /* SearchVC.swift in Sources */ = {isa = PBXBuildFile; fileRef = BE3C7885276E95DC0010D3CA /* SearchVC.swift */; };
		BE3C7889276E960F0010D3CA /* FavoritesVC.swift in Sources */ = {isa = PBXBuildFile; fileRef = BE3C7888276E960F0010D3CA /* FavoritesVC.swift */; };
		BE3C788C276E963C0010D3CA /* FollowerListVC.swift in Sources */ = {isa = PBXBuildFile; fileRef = BE3C788B276E963C0010D3CA /* FollowerListVC.swift */; };
		BE3C7894276E9D0F0010D3CA /* Follower.swift in Sources */ = {isa = PBXBuildFile; fileRef = BE3C7893276E9D0F0010D3CA /* Follower.swift */; };
		BE3C7897276E9E220010D3CA /* User.swift in Sources */ = {isa = PBXBuildFile; fileRef = BE3C7896276E9E220010D3CA /* User.swift */; };
		BE3C78DE27728E8B0010D3CA /* NetworkManager.swift in Sources */ = {isa = PBXBuildFile; fileRef = BE3C78DD27728E8B0010D3CA /* NetworkManager.swift */; };
		BE3C78E42772A2CC0010D3CA /* GFError.swift in Sources */ = {isa = PBXBuildFile; fileRef = BE3C78E32772A2CC0010D3CA /* GFError.swift */; };
		BE4940932795F43600E80C08 /* GFEmptyStateView.swift in Sources */ = {isa = PBXBuildFile; fileRef = BE4940922795F43600E80C08 /* GFEmptyStateView.swift */; };
		BE6A5AED2780D294002BB866 /* UIHelper.swift in Sources */ = {isa = PBXBuildFile; fileRef = BE6A5AEC2780D294002BB866 /* UIHelper.swift */; };
		BE80E5922769252200B5F7DC /* AppDelegate.swift in Sources */ = {isa = PBXBuildFile; fileRef = BE80E5912769252200B5F7DC /* AppDelegate.swift */; };
		BE80E5942769252200B5F7DC /* SceneDelegate.swift in Sources */ = {isa = PBXBuildFile; fileRef = BE80E5932769252200B5F7DC /* SceneDelegate.swift */; };
		BE80E59B2769252600B5F7DC /* Assets.xcassets in Resources */ = {isa = PBXBuildFile; fileRef = BE80E59A2769252600B5F7DC /* Assets.xcassets */; };
		BE80E59E2769252600B5F7DC /* LaunchScreen.storyboard in Resources */ = {isa = PBXBuildFile; fileRef = BE80E59C2769252600B5F7DC /* LaunchScreen.storyboard */; };
		BE80E5B7276940C300B5F7DC /* GFButton.swift in Sources */ = {isa = PBXBuildFile; fileRef = BE80E5B6276940C300B5F7DC /* GFButton.swift */; };
		BE80E5BC2769441200B5F7DC /* GFTextField.swift in Sources */ = {isa = PBXBuildFile; fileRef = BE80E5BB2769441200B5F7DC /* GFTextField.swift */; };
		BEB74A21276E5BCC00EE477A /* GFTitleLabel.swift in Sources */ = {isa = PBXBuildFile; fileRef = BEB74A20276E5BCB00EE477A /* GFTitleLabel.swift */; };
		BEB74A24276E809D00EE477A /* GFBodyLabel.swift in Sources */ = {isa = PBXBuildFile; fileRef = BEB74A23276E809D00EE477A /* GFBodyLabel.swift */; };
		BEB74A27276E81B800EE477A /* GFAlertVC.swift in Sources */ = {isa = PBXBuildFile; fileRef = BEB74A26276E81B800EE477A /* GFAlertVC.swift */; };
		BEB74A2B276E8AC500EE477A /* UIViewConroller+Extension.swift in Sources */ = {isa = PBXBuildFile; fileRef = BEB74A2A276E8AC500EE477A /* UIViewConroller+Extension.swift */; };
		BEE99AFF27765D3A00D3FBBE /* FollowerCell.swift in Sources */ = {isa = PBXBuildFile; fileRef = BEE99AFE27765D3A00D3FBBE /* FollowerCell.swift */; };
		BEE99B0327765E3700D3FBBE /* GFAvatarImageView.swift in Sources */ = {isa = PBXBuildFile; fileRef = BEE99B0227765E3700D3FBBE /* GFAvatarImageView.swift */; };
/* End PBXBuildFile section */

/* Begin PBXFileReference section */
		BE1E143F279605C700D66B5B /* UserInfoVC.swift */ = {isa = PBXFileReference; lastKnownFileType = sourcecode.swift; path = UserInfoVC.swift; sourceTree = "<group>"; };
		BE1E1448279B214B00D66B5B /* GFUserInfoVC.swift */ = {isa = PBXFileReference; lastKnownFileType = sourcecode.swift; path = GFUserInfoVC.swift; sourceTree = "<group>"; };
		BE1E144B279B220A00D66B5B /* GFSecondaryTitleLabel.swift */ = {isa = PBXFileReference; lastKnownFileType = sourcecode.swift; path = GFSecondaryTitleLabel.swift; sourceTree = "<group>"; };
		BE3C7885276E95DC0010D3CA /* SearchVC.swift */ = {isa = PBXFileReference; lastKnownFileType = sourcecode.swift; path = SearchVC.swift; sourceTree = "<group>"; };
		BE3C7888276E960F0010D3CA /* FavoritesVC.swift */ = {isa = PBXFileReference; lastKnownFileType = sourcecode.swift; path = FavoritesVC.swift; sourceTree = "<group>"; };
		BE3C788B276E963C0010D3CA /* FollowerListVC.swift */ = {isa = PBXFileReference; lastKnownFileType = sourcecode.swift; path = FollowerListVC.swift; sourceTree = "<group>"; };
		BE3C7893276E9D0F0010D3CA /* Follower.swift */ = {isa = PBXFileReference; lastKnownFileType = sourcecode.swift; path = Follower.swift; sourceTree = "<group>"; };
		BE3C7896276E9E220010D3CA /* User.swift */ = {isa = PBXFileReference; lastKnownFileType = sourcecode.swift; path = User.swift; sourceTree = "<group>"; };
		BE3C78DD27728E8B0010D3CA /* NetworkManager.swift */ = {isa = PBXFileReference; lastKnownFileType = sourcecode.swift; path = NetworkManager.swift; sourceTree = "<group>"; };
		BE3C78E32772A2CC0010D3CA /* GFError.swift */ = {isa = PBXFileReference; lastKnownFileType = sourcecode.swift; path = GFError.swift; sourceTree = "<group>"; };
		BE4940922795F43600E80C08 /* GFEmptyStateView.swift */ = {isa = PBXFileReference; lastKnownFileType = sourcecode.swift; path = GFEmptyStateView.swift; sourceTree = "<group>"; };
		BE6A5AEC2780D294002BB866 /* UIHelper.swift */ = {isa = PBXFileReference; lastKnownFileType = sourcecode.swift; path = UIHelper.swift; sourceTree = "<group>"; };
		BE80E58E2769252200B5F7DC /* GHFollowers.app */ = {isa = PBXFileReference; explicitFileType = wrapper.application; includeInIndex = 0; path = GHFollowers.app; sourceTree = BUILT_PRODUCTS_DIR; };
		BE80E5912769252200B5F7DC /* AppDelegate.swift */ = {isa = PBXFileReference; lastKnownFileType = sourcecode.swift; path = AppDelegate.swift; sourceTree = "<group>"; };
		BE80E5932769252200B5F7DC /* SceneDelegate.swift */ = {isa = PBXFileReference; lastKnownFileType = sourcecode.swift; path = SceneDelegate.swift; sourceTree = "<group>"; };
		BE80E59A2769252600B5F7DC /* Assets.xcassets */ = {isa = PBXFileReference; lastKnownFileType = folder.assetcatalog; path = Assets.xcassets; sourceTree = "<group>"; };
		BE80E59D2769252600B5F7DC /* Base */ = {isa = PBXFileReference; lastKnownFileType = file.storyboard; name = Base; path = Base.lproj/LaunchScreen.storyboard; sourceTree = "<group>"; };
		BE80E59F2769252600B5F7DC /* Info.plist */ = {isa = PBXFileReference; lastKnownFileType = text.plist.xml; path = Info.plist; sourceTree = "<group>"; };
		BE80E5B6276940C300B5F7DC /* GFButton.swift */ = {isa = PBXFileReference; lastKnownFileType = sourcecode.swift; path = GFButton.swift; sourceTree = "<group>"; };
		BE80E5BB2769441200B5F7DC /* GFTextField.swift */ = {isa = PBXFileReference; lastKnownFileType = sourcecode.swift; path = GFTextField.swift; sourceTree = "<group>"; };
		BEB74A20276E5BCB00EE477A /* GFTitleLabel.swift */ = {isa = PBXFileReference; lastKnownFileType = sourcecode.swift; path = GFTitleLabel.swift; sourceTree = "<group>"; };
		BEB74A23276E809D00EE477A /* GFBodyLabel.swift */ = {isa = PBXFileReference; lastKnownFileType = sourcecode.swift; path = GFBodyLabel.swift; sourceTree = "<group>"; };
		BEB74A26276E81B800EE477A /* GFAlertVC.swift */ = {isa = PBXFileReference; lastKnownFileType = sourcecode.swift; path = GFAlertVC.swift; sourceTree = "<group>"; };
		BEB74A2A276E8AC500EE477A /* UIViewConroller+Extension.swift */ = {isa = PBXFileReference; lastKnownFileType = sourcecode.swift; path = "UIViewConroller+Extension.swift"; sourceTree = "<group>"; };
		BEE99AFE27765D3A00D3FBBE /* FollowerCell.swift */ = {isa = PBXFileReference; lastKnownFileType = sourcecode.swift; path = FollowerCell.swift; sourceTree = "<group>"; };
		BEE99B0227765E3700D3FBBE /* GFAvatarImageView.swift */ = {isa = PBXFileReference; lastKnownFileType = sourcecode.swift; path = GFAvatarImageView.swift; sourceTree = "<group>"; };
/* End PBXFileReference section */

/* Begin PBXFrameworksBuildPhase section */
		BE80E58B2769252200B5F7DC /* Frameworks */ = {
			isa = PBXFrameworksBuildPhase;
			buildActionMask = 2147483647;
			files = (
			);
			runOnlyForDeploymentPostprocessing = 0;
		};
/* End PBXFrameworksBuildPhase section */

/* Begin PBXGroup section */
		BE3C7884276E95CB0010D3CA /* Screens */ = {
			isa = PBXGroup;
			children = (
				BE3C7885276E95DC0010D3CA /* SearchVC.swift */,
				BE3C7888276E960F0010D3CA /* FavoritesVC.swift */,
				BE3C788B276E963C0010D3CA /* FollowerListVC.swift */,
				BE1E143F279605C700D66B5B /* UserInfoVC.swift */,
			);
			path = Screens;
			sourceTree = "<group>";
		};
		BE3C788E276E96B10010D3CA /* Custom Views */ = {
			isa = PBXGroup;
			children = (
				BE4940912795F3E600E80C08 /* Labels */,
				BE4940902795F3D100E80C08 /* TextFields */,
				BE49408F2795F3A400E80C08 /* ViewControllers */,
				BE49408E2795F39A00E80C08 /* ImageViews */,
				BE49408D2795F38F00E80C08 /* Buttons */,
				BE49408C2795F37E00E80C08 /* Views */,
				BEE99AFD27765D2900D3FBBE /* Cells */,
			);
			path = "Custom Views";
			sourceTree = "<group>";
		};
		BE3C788F276E970A0010D3CA /* Extensions */ = {
			isa = PBXGroup;
			children = (
				BEB74A2A276E8AC500EE477A /* UIViewConroller+Extension.swift */,
			);
			path = Extensions;
			sourceTree = "<group>";
		};
		BE3C7890276E975F0010D3CA /* Support */ = {
			isa = PBXGroup;
			children = (
				BE80E5912769252200B5F7DC /* AppDelegate.swift */,
				BE80E5932769252200B5F7DC /* SceneDelegate.swift */,
				BE80E59A2769252600B5F7DC /* Assets.xcassets */,
				BE80E59C2769252600B5F7DC /* LaunchScreen.storyboard */,
			);
			path = Support;
			sourceTree = "<group>";
		};
		BE3C7892276E9CF20010D3CA /* Model */ = {
			isa = PBXGroup;
			children = (
				BE3C7893276E9D0F0010D3CA /* Follower.swift */,
				BE3C7896276E9E220010D3CA /* User.swift */,
			);
			path = Model;
			sourceTree = "<group>";
		};
		BE3C78DC27728E790010D3CA /* Managers */ = {
			isa = PBXGroup;
			children = (
				BE3C78DD27728E8B0010D3CA /* NetworkManager.swift */,
			);
			path = Managers;
			sourceTree = "<group>";
		};
		BE3C78E22772A2B20010D3CA /* Utilities */ = {
			isa = PBXGroup;
			children = (
				BE3C78E32772A2CC0010D3CA /* GFError.swift */,
				BE6A5AEC2780D294002BB866 /* UIHelper.swift */,
			);
			path = Utilities;
			sourceTree = "<group>";
		};
		BE49408C2795F37E00E80C08 /* Views */ = {
			isa = PBXGroup;
			children = (
				BE4940922795F43600E80C08 /* GFEmptyStateView.swift */,
			);
			path = Views;
			sourceTree = "<group>";
		};
		BE49408D2795F38F00E80C08 /* Buttons */ = {
			isa = PBXGroup;
			children = (
				BE80E5B6276940C300B5F7DC /* GFButton.swift */,
			);
			path = Buttons;
			sourceTree = "<group>";
		};
		BE49408E2795F39A00E80C08 /* ImageViews */ = {
			isa = PBXGroup;
			children = (
				BEE99B0227765E3700D3FBBE /* GFAvatarImageView.swift */,
			);
			path = ImageViews;
			sourceTree = "<group>";
		};
		BE49408F2795F3A400E80C08 /* ViewControllers */ = {
			isa = PBXGroup;
			children = (
				BEB74A26276E81B800EE477A /* GFAlertVC.swift */,
				BE1E1448279B214B00D66B5B /* GFUserInfoVC.swift */,
			);
			path = ViewControllers;
			sourceTree = "<group>";
		};
		BE4940902795F3D100E80C08 /* TextFields */ = {
			isa = PBXGroup;
			children = (
				BE80E5BB2769441200B5F7DC /* GFTextField.swift */,
			);
			path = TextFields;
			sourceTree = "<group>";
		};
		BE4940912795F3E600E80C08 /* Labels */ = {
			isa = PBXGroup;
			children = (
				BEB74A20276E5BCB00EE477A /* GFTitleLabel.swift */,
				BEB74A23276E809D00EE477A /* GFBodyLabel.swift */,
				BE1E144B279B220A00D66B5B /* GFSecondaryTitleLabel.swift */,
			);
			path = Labels;
			sourceTree = "<group>";
		};
		BE80E5852769252200B5F7DC = {
			isa = PBXGroup;
			children = (
				BE80E5902769252200B5F7DC /* GHFollowers */,
				BE80E58F2769252200B5F7DC /* Products */,
			);
			sourceTree = "<group>";
		};
		BE80E58F2769252200B5F7DC /* Products */ = {
			isa = PBXGroup;
			children = (
				BE80E58E2769252200B5F7DC /* GHFollowers.app */,
			);
			name = Products;
			sourceTree = "<group>";
		};
		BE80E5902769252200B5F7DC /* GHFollowers */ = {
			isa = PBXGroup;
			children = (
				BE3C78E22772A2B20010D3CA /* Utilities */,
				BE3C78DC27728E790010D3CA /* Managers */,
				BE3C7892276E9CF20010D3CA /* Model */,
				BE3C7890276E975F0010D3CA /* Support */,
				BE3C788F276E970A0010D3CA /* Extensions */,
				BE3C788E276E96B10010D3CA /* Custom Views */,
				BE3C7884276E95CB0010D3CA /* Screens */,
				BE80E59F2769252600B5F7DC /* Info.plist */,
			);
			path = GHFollowers;
			sourceTree = "<group>";
		};
		BEE99AFD27765D2900D3FBBE /* Cells */ = {
			isa = PBXGroup;
			children = (
				BEE99AFE27765D3A00D3FBBE /* FollowerCell.swift */,
			);
			path = Cells;
			sourceTree = "<group>";
		};
/* End PBXGroup section */

/* Begin PBXNativeTarget section */
		BE80E58D2769252200B5F7DC /* GHFollowers */ = {
			isa = PBXNativeTarget;
			buildConfigurationList = BE80E5A22769252700B5F7DC /* Build configuration list for PBXNativeTarget "GHFollowers" */;
			buildPhases = (
				BE80E58A2769252200B5F7DC /* Sources */,
				BE80E58B2769252200B5F7DC /* Frameworks */,
				BE80E58C2769252200B5F7DC /* Resources */,
			);
			buildRules = (
			);
			dependencies = (
			);
			name = GHFollowers;
			productName = GHFollowers;
			productReference = BE80E58E2769252200B5F7DC /* GHFollowers.app */;
			productType = "com.apple.product-type.application";
		};
/* End PBXNativeTarget section */

/* Begin PBXProject section */
		BE80E5862769252200B5F7DC /* Project object */ = {
			isa = PBXProject;
			attributes = {
				LastSwiftUpdateCheck = 1240;
				LastUpgradeCheck = 1240;
				TargetAttributes = {
					BE80E58D2769252200B5F7DC = {
						CreatedOnToolsVersion = 12.4;
					};
				};
			};
			buildConfigurationList = BE80E5892769252200B5F7DC /* Build configuration list for PBXProject "GHFollowers" */;
			compatibilityVersion = "Xcode 9.3";
			developmentRegion = en;
			hasScannedForEncodings = 0;
			knownRegions = (
				en,
				Base,
			);
			mainGroup = BE80E5852769252200B5F7DC;
			productRefGroup = BE80E58F2769252200B5F7DC /* Products */;
			projectDirPath = "";
			projectRoot = "";
			targets = (
				BE80E58D2769252200B5F7DC /* GHFollowers */,
			);
		};
/* End PBXProject section */

/* Begin PBXResourcesBuildPhase section */
		BE80E58C2769252200B5F7DC /* Resources */ = {
			isa = PBXResourcesBuildPhase;
			buildActionMask = 2147483647;
			files = (
				BE80E59E2769252600B5F7DC /* LaunchScreen.storyboard in Resources */,
				BE80E59B2769252600B5F7DC /* Assets.xcassets in Resources */,
			);
			runOnlyForDeploymentPostprocessing = 0;
		};
/* End PBXResourcesBuildPhase section */

/* Begin PBXSourcesBuildPhase section */
		BE80E58A2769252200B5F7DC /* Sources */ = {
			isa = PBXSourcesBuildPhase;
			buildActionMask = 2147483647;
			files = (
				BE3C7897276E9E220010D3CA /* User.swift in Sources */,
				BE3C788C276E963C0010D3CA /* FollowerListVC.swift in Sources */,
				BE3C7889276E960F0010D3CA /* FavoritesVC.swift in Sources */,
				BEB74A2B276E8AC500EE477A /* UIViewConroller+Extension.swift in Sources */,
				BE80E5B7276940C300B5F7DC /* GFButton.swift in Sources */,
				BE6A5AED2780D294002BB866 /* UIHelper.swift in Sources */,
				BEE99B0327765E3700D3FBBE /* GFAvatarImageView.swift in Sources */,
				BE80E5922769252200B5F7DC /* AppDelegate.swift in Sources */,
				BE3C7886276E95DC0010D3CA /* SearchVC.swift in Sources */,
				BEE99AFF27765D3A00D3FBBE /* FollowerCell.swift in Sources */,
				BE3C78E42772A2CC0010D3CA /* GFError.swift in Sources */,
				BEB74A27276E81B800EE477A /* GFAlertVC.swift in Sources */,
				BE1E1449279B214B00D66B5B /* GFUserInfoVC.swift in Sources */,
				BE3C7894276E9D0F0010D3CA /* Follower.swift in Sources */,
				BEB74A24276E809D00EE477A /* GFBodyLabel.swift in Sources */,
				BE1E144C279B220A00D66B5B /* GFSecondaryTitleLabel.swift in Sources */,
				BE4940932795F43600E80C08 /* GFEmptyStateView.swift in Sources */,
				BE3C78DE27728E8B0010D3CA /* NetworkManager.swift in Sources */,
				BEB74A21276E5BCC00EE477A /* GFTitleLabel.swift in Sources */,
				BE80E5942769252200B5F7DC /* SceneDelegate.swift in Sources */,
				BE80E5BC2769441200B5F7DC /* GFTextField.swift in Sources */,
				BE1E1440279605C700D66B5B /* UserInfoVC.swift in Sources */,
			);
			runOnlyForDeploymentPostprocessing = 0;
		};
/* End PBXSourcesBuildPhase section */

/* Begin PBXVariantGroup section */
		BE80E59C2769252600B5F7DC /* LaunchScreen.storyboard */ = {
			isa = PBXVariantGroup;
			children = (
				BE80E59D2769252600B5F7DC /* Base */,
			);
			name = LaunchScreen.storyboard;
			sourceTree = "<group>";
		};
/* End PBXVariantGroup section */

/* Begin XCBuildConfiguration section */
		BE80E5A02769252700B5F7DC /* Debug */ = {
			isa = XCBuildConfiguration;
			buildSettings = {
				ALWAYS_SEARCH_USER_PATHS = NO;
				CLANG_ANALYZER_NONNULL = YES;
				CLANG_ANALYZER_NUMBER_OBJECT_CONVERSION = YES_AGGRESSIVE;
				CLANG_CXX_LANGUAGE_STANDARD = "gnu++14";
				CLANG_CXX_LIBRARY = "libc++";
				CLANG_ENABLE_MODULES = YES;
				CLANG_ENABLE_OBJC_ARC = YES;
				CLANG_ENABLE_OBJC_WEAK = YES;
				CLANG_WARN_BLOCK_CAPTURE_AUTORELEASING = YES;
				CLANG_WARN_BOOL_CONVERSION = YES;
				CLANG_WARN_COMMA = YES;
				CLANG_WARN_CONSTANT_CONVERSION = YES;
				CLANG_WARN_DEPRECATED_OBJC_IMPLEMENTATIONS = YES;
				CLANG_WARN_DIRECT_OBJC_ISA_USAGE = YES_ERROR;
				CLANG_WARN_DOCUMENTATION_COMMENTS = YES;
				CLANG_WARN_EMPTY_BODY = YES;
				CLANG_WARN_ENUM_CONVERSION = YES;
				CLANG_WARN_INFINITE_RECURSION = YES;
				CLANG_WARN_INT_CONVERSION = YES;
				CLANG_WARN_NON_LITERAL_NULL_CONVERSION = YES;
				CLANG_WARN_OBJC_IMPLICIT_RETAIN_SELF = YES;
				CLANG_WARN_OBJC_LITERAL_CONVERSION = YES;
				CLANG_WARN_OBJC_ROOT_CLASS = YES_ERROR;
				CLANG_WARN_QUOTED_INCLUDE_IN_FRAMEWORK_HEADER = YES;
				CLANG_WARN_RANGE_LOOP_ANALYSIS = YES;
				CLANG_WARN_STRICT_PROTOTYPES = YES;
				CLANG_WARN_SUSPICIOUS_MOVE = YES;
				CLANG_WARN_UNGUARDED_AVAILABILITY = YES_AGGRESSIVE;
				CLANG_WARN_UNREACHABLE_CODE = YES;
				CLANG_WARN__DUPLICATE_METHOD_MATCH = YES;
				COPY_PHASE_STRIP = NO;
				DEBUG_INFORMATION_FORMAT = dwarf;
				ENABLE_STRICT_OBJC_MSGSEND = YES;
				ENABLE_TESTABILITY = YES;
				GCC_C_LANGUAGE_STANDARD = gnu11;
				GCC_DYNAMIC_NO_PIC = NO;
				GCC_NO_COMMON_BLOCKS = YES;
				GCC_OPTIMIZATION_LEVEL = 0;
				GCC_PREPROCESSOR_DEFINITIONS = (
					"DEBUG=1",
					"$(inherited)",
				);
				GCC_WARN_64_TO_32_BIT_CONVERSION = YES;
				GCC_WARN_ABOUT_RETURN_TYPE = YES_ERROR;
				GCC_WARN_UNDECLARED_SELECTOR = YES;
				GCC_WARN_UNINITIALIZED_AUTOS = YES_AGGRESSIVE;
				GCC_WARN_UNUSED_FUNCTION = YES;
				GCC_WARN_UNUSED_VARIABLE = YES;
				IPHONEOS_DEPLOYMENT_TARGET = 14.4;
				MTL_ENABLE_DEBUG_INFO = INCLUDE_SOURCE;
				MTL_FAST_MATH = YES;
				ONLY_ACTIVE_ARCH = YES;
				SDKROOT = iphoneos;
				SWIFT_ACTIVE_COMPILATION_CONDITIONS = DEBUG;
				SWIFT_OPTIMIZATION_LEVEL = "-Onone";
			};
			name = Debug;
		};
		BE80E5A12769252700B5F7DC /* Release */ = {
			isa = XCBuildConfiguration;
			buildSettings = {
				ALWAYS_SEARCH_USER_PATHS = NO;
				CLANG_ANALYZER_NONNULL = YES;
				CLANG_ANALYZER_NUMBER_OBJECT_CONVERSION = YES_AGGRESSIVE;
				CLANG_CXX_LANGUAGE_STANDARD = "gnu++14";
				CLANG_CXX_LIBRARY = "libc++";
				CLANG_ENABLE_MODULES = YES;
				CLANG_ENABLE_OBJC_ARC = YES;
				CLANG_ENABLE_OBJC_WEAK = YES;
				CLANG_WARN_BLOCK_CAPTURE_AUTORELEASING = YES;
				CLANG_WARN_BOOL_CONVERSION = YES;
				CLANG_WARN_COMMA = YES;
				CLANG_WARN_CONSTANT_CONVERSION = YES;
				CLANG_WARN_DEPRECATED_OBJC_IMPLEMENTATIONS = YES;
				CLANG_WARN_DIRECT_OBJC_ISA_USAGE = YES_ERROR;
				CLANG_WARN_DOCUMENTATION_COMMENTS = YES;
				CLANG_WARN_EMPTY_BODY = YES;
				CLANG_WARN_ENUM_CONVERSION = YES;
				CLANG_WARN_INFINITE_RECURSION = YES;
				CLANG_WARN_INT_CONVERSION = YES;
				CLANG_WARN_NON_LITERAL_NULL_CONVERSION = YES;
				CLANG_WARN_OBJC_IMPLICIT_RETAIN_SELF = YES;
				CLANG_WARN_OBJC_LITERAL_CONVERSION = YES;
				CLANG_WARN_OBJC_ROOT_CLASS = YES_ERROR;
				CLANG_WARN_QUOTED_INCLUDE_IN_FRAMEWORK_HEADER = YES;
				CLANG_WARN_RANGE_LOOP_ANALYSIS = YES;
				CLANG_WARN_STRICT_PROTOTYPES = YES;
				CLANG_WARN_SUSPICIOUS_MOVE = YES;
				CLANG_WARN_UNGUARDED_AVAILABILITY = YES_AGGRESSIVE;
				CLANG_WARN_UNREACHABLE_CODE = YES;
				CLANG_WARN__DUPLICATE_METHOD_MATCH = YES;
				COPY_PHASE_STRIP = NO;
				DEBUG_INFORMATION_FORMAT = "dwarf-with-dsym";
				ENABLE_NS_ASSERTIONS = NO;
				ENABLE_STRICT_OBJC_MSGSEND = YES;
				GCC_C_LANGUAGE_STANDARD = gnu11;
				GCC_NO_COMMON_BLOCKS = YES;
				GCC_WARN_64_TO_32_BIT_CONVERSION = YES;
				GCC_WARN_ABOUT_RETURN_TYPE = YES_ERROR;
				GCC_WARN_UNDECLARED_SELECTOR = YES;
				GCC_WARN_UNINITIALIZED_AUTOS = YES_AGGRESSIVE;
				GCC_WARN_UNUSED_FUNCTION = YES;
				GCC_WARN_UNUSED_VARIABLE = YES;
				IPHONEOS_DEPLOYMENT_TARGET = 14.4;
				MTL_ENABLE_DEBUG_INFO = NO;
				MTL_FAST_MATH = YES;
				SDKROOT = iphoneos;
				SWIFT_COMPILATION_MODE = wholemodule;
				SWIFT_OPTIMIZATION_LEVEL = "-O";
				VALIDATE_PRODUCT = YES;
			};
			name = Release;
		};
		BE80E5A32769252700B5F7DC /* Debug */ = {
			isa = XCBuildConfiguration;
			buildSettings = {
				ASSETCATALOG_COMPILER_APPICON_NAME = AppIcon;
				ASSETCATALOG_COMPILER_GLOBAL_ACCENT_COLOR_NAME = AccentColor;
				CODE_SIGN_STYLE = Automatic;
				DEVELOPMENT_TEAM = XW9T242VLK;
				INFOPLIST_FILE = GHFollowers/Info.plist;
				LD_RUNPATH_SEARCH_PATHS = (
					"$(inherited)",
					"@executable_path/Frameworks",
				);
				PRODUCT_BUNDLE_IDENTIFIER = com.hgunes.GHFollowers;
				PRODUCT_NAME = "$(TARGET_NAME)";
				SWIFT_VERSION = 5.0;
				TARGETED_DEVICE_FAMILY = "1,2";
			};
			name = Debug;
		};
		BE80E5A42769252700B5F7DC /* Release */ = {
			isa = XCBuildConfiguration;
			buildSettings = {
				ASSETCATALOG_COMPILER_APPICON_NAME = AppIcon;
				ASSETCATALOG_COMPILER_GLOBAL_ACCENT_COLOR_NAME = AccentColor;
				CODE_SIGN_STYLE = Automatic;
				DEVELOPMENT_TEAM = XW9T242VLK;
				INFOPLIST_FILE = GHFollowers/Info.plist;
				LD_RUNPATH_SEARCH_PATHS = (
					"$(inherited)",
					"@executable_path/Frameworks",
				);
				PRODUCT_BUNDLE_IDENTIFIER = com.hgunes.GHFollowers;
				PRODUCT_NAME = "$(TARGET_NAME)";
				SWIFT_VERSION = 5.0;
				TARGETED_DEVICE_FAMILY = "1,2";
			};
			name = Release;
		};
/* End XCBuildConfiguration section */

/* Begin XCConfigurationList section */
		BE80E5892769252200B5F7DC /* Build configuration list for PBXProject "GHFollowers" */ = {
			isa = XCConfigurationList;
			buildConfigurations = (
				BE80E5A02769252700B5F7DC /* Debug */,
				BE80E5A12769252700B5F7DC /* Release */,
			);
			defaultConfigurationIsVisible = 0;
			defaultConfigurationName = Release;
		};
		BE80E5A22769252700B5F7DC /* Build configuration list for PBXNativeTarget "GHFollowers" */ = {
			isa = XCConfigurationList;
			buildConfigurations = (
				BE80E5A32769252700B5F7DC /* Debug */,
				BE80E5A42769252700B5F7DC /* Release */,
			);
			defaultConfigurationIsVisible = 0;
			defaultConfigurationName = Release;
		};
/* End XCConfigurationList section */
	};
	rootObject = BE80E5862769252200B5F7DC /* Project object */;
}
